
Microsoft Visual Studio Solution File, Format Version 12.00
# Visual Studio Version 16
VisualStudioVersion = 16.0.28922.388
MinimumVisualStudioVersion = 10.0.40219.1
Project("{FAE04EC0-301F-11D3-BF4B-00C04F79EFBC}") = "01.oddOrEvenIntegers", "01.oddOrEvenIntegers.csproj", "{3DE99F46-4C51-4F66-9054-4AE71FA9E9AB}"
EndProject
Project("{FAE04EC0-301F-11D3-BF4B-00C04F79EFBC}") = "02.gravitationOnMoon", "..\gravitationOnMoon\02.gravitationOnMoon.csproj", "{A93143B0-79DD-437D-BBF8-885FC36B6C8F}"
EndProject
Project("{FAE04EC0-301F-11D3-BF4B-00C04F79EFBC}") = "03.divisionByFiveAndSeven", "..\divisionByFiveAndSeven\03.divisionByFiveAndSeven.csproj", "{6C5BE9D4-0C1D-484F-9105-8D888C3D1A9C}"
EndProject
Project("{FAE04EC0-301F-11D3-BF4B-00C04F79EFBC}") = "04.calculatingRectangles", "..\calculatingRectangles\04.calculatingRectangles.csproj", "{D41F209D-0511-4CBC-B23B-C0AB024EE664}"
EndProject
Global
	GlobalSection(SolutionConfigurationPlatforms) = preSolution
		Debug|Any CPU = Debug|Any CPU
		Release|Any CPU = Release|Any CPU
	EndGlobalSection
	GlobalSection(ProjectConfigurationPlatforms) = postSolution
		{3DE99F46-4C51-4F66-9054-4AE71FA9E9AB}.Debug|Any CPU.ActiveCfg = Debug|Any CPU
		{3DE99F46-4C51-4F66-9054-4AE71FA9E9AB}.Debug|Any CPU.Build.0 = Debug|Any CPU
		{3DE99F46-4C51-4F66-9054-4AE71FA9E9AB}.Release|Any CPU.ActiveCfg = Release|Any CPU
		{3DE99F46-4C51-4F66-9054-4AE71FA9E9AB}.Release|Any CPU.Build.0 = Release|Any CPU
		{A93143B0-79DD-437D-BBF8-885FC36B6C8F}.Debug|Any CPU.ActiveCfg = Debug|Any CPU
		{A93143B0-79DD-437D-BBF8-885FC36B6C8F}.Debug|Any CPU.Build.0 = Debug|Any CPU
		{A93143B0-79DD-437D-BBF8-885FC36B6C8F}.Release|Any CPU.ActiveCfg = Release|Any CPU
		{A93143B0-79DD-437D-BBF8-885FC36B6C8F}.Release|Any CPU.Build.0 = Release|Any CPU
		{6C5BE9D4-0C1D-484F-9105-8D888C3D1A9C}.Debug|Any CPU.ActiveCfg = Debug|Any CPU
		{6C5BE9D4-0C1D-484F-9105-8D888C3D1A9C}.Debug|Any CPU.Build.0 = Debug|Any CPU
		{6C5BE9D4-0C1D-484F-9105-8D888C3D1A9C}.Release|Any CPU.ActiveCfg = Release|Any CPU
		{6C5BE9D4-0C1D-484F-9105-8D888C3D1A9C}.Release|Any CPU.Build.0 = Release|Any CPU
		{D41F209D-0511-4CBC-B23B-C0AB024EE664}.Debug|Any CPU.ActiveCfg = Debug|Any CPU
		{D41F209D-0511-4CBC-B23B-C0AB024EE664}.Debug|Any CPU.Build.0 = Debug|Any CPU
		{D41F209D-0511-4CBC-B23B-C0AB024EE664}.Release|Any CPU.ActiveCfg = Release|Any CPU
		{D41F209D-0511-4CBC-B23B-C0AB024EE664}.Release|Any CPU.Build.0 = Release|Any CPU
	EndGlobalSection
	GlobalSection(SolutionProperties) = preSolution
		HideSolutionNode = FALSE
	EndGlobalSection
	GlobalSection(ExtensibilityGlobals) = postSolution
		SolutionGuid = {ED35ED96-0423-4A79-8E08-9DE902D041D7}
	EndGlobalSection
EndGlobal
